
Microsoft Visual Studio Solution File, Format Version 12.00
# Visual Studio Version 17
VisualStudioVersion = 17.2.32519.379
MinimumVisualStudioVersion = 10.0.40219.1
Project("{2150E333-8FDC-42A3-9474-1A3956D46DE8}") = "BetBriliant_APP", "BetBriliant_APP", "{367BB411-CE63-4D8B-8332-903A6EC0DC32}"
EndProject
Project("{9A19103F-16F7-4668-BE54-9A1E7A4F7556}") = "BetBriliant", "BetBriliant\BetBriliant.csproj", "{806345B1-AA4A-46A7-A1EC-5E24B6A0BDCE}"
EndProject
Project("{2150E333-8FDC-42A3-9474-1A3956D46DE8}") = "BetBriliant_CORE", "BetBriliant_CORE", "{E692B0A6-5627-4379-A416-C6FB9F3DD3DB}"
EndProject
Project("{9A19103F-16F7-4668-BE54-9A1E7A4F7556}") = "BetBriliant_CORE", "BetBriliant_CORE\BetBriliant_CORE.csproj", "{D5FA9541-9D0B-4E81-ADD9-609266A288B8}"
EndProject
Project("{2150E333-8FDC-42A3-9474-1A3956D46DE8}") = "BetBriliant_DATA", "BetBriliant_DATA", "{28905BC0-998D-435D-ADBB-F9C182C77DAC}"
EndProject
Project("{9A19103F-16F7-4668-BE54-9A1E7A4F7556}") = "BetBriliant_DATA", "BetBriliant_DATA\BetBriliant_DATA.csproj", "{36798630-9C18-4858-A925-A421B669FAA3}"
EndProject
Project("{2150E333-8FDC-42A3-9474-1A3956D46DE8}") = "BetBriliant_Domain", "BetBriliant_Domain", "{5A56294D-D507-4859-98EE-8A6214906B71}"
EndProject
Project("{9A19103F-16F7-4668-BE54-9A1E7A4F7556}") = "BetBriliant_Domain", "BetBriliant_Domain\BetBriliant_Domain.csproj", "{0A604E73-DFE7-413D-A4DA-B6560DD1D2FB}"
EndProject
Project("{2150E333-8FDC-42A3-9474-1A3956D46DE8}") = "BetBriliant_Enums", "BetBriliant_Enums", "{19F868F1-83F1-419B-94F7-88C79C054D82}"
EndProject
Project("{FAE04EC0-301F-11D3-BF4B-00C04F79EFBC}") = "BetBriliant_Enum", "BetBriliant_Enum\BetBriliant_Enum.csproj", "{96049408-E466-4A35-A7EB-D8794FC7F195}"
EndProject
Global
	GlobalSection(SolutionConfigurationPlatforms) = preSolution
		Debug|Any CPU = Debug|Any CPU
		Release|Any CPU = Release|Any CPU
	EndGlobalSection
	GlobalSection(ProjectConfigurationPlatforms) = postSolution
		{806345B1-AA4A-46A7-A1EC-5E24B6A0BDCE}.Debug|Any CPU.ActiveCfg = Debug|Any CPU
		{806345B1-AA4A-46A7-A1EC-5E24B6A0BDCE}.Debug|Any CPU.Build.0 = Debug|Any CPU
		{806345B1-AA4A-46A7-A1EC-5E24B6A0BDCE}.Release|Any CPU.ActiveCfg = Release|Any CPU
		{806345B1-AA4A-46A7-A1EC-5E24B6A0BDCE}.Release|Any CPU.Build.0 = Release|Any CPU
		{D5FA9541-9D0B-4E81-ADD9-609266A288B8}.Debug|Any CPU.ActiveCfg = Debug|Any CPU
		{D5FA9541-9D0B-4E81-ADD9-609266A288B8}.Debug|Any CPU.Build.0 = Debug|Any CPU
		{D5FA9541-9D0B-4E81-ADD9-609266A288B8}.Release|Any CPU.ActiveCfg = Release|Any CPU
		{D5FA9541-9D0B-4E81-ADD9-609266A288B8}.Release|Any CPU.Build.0 = Release|Any CPU
		{36798630-9C18-4858-A925-A421B669FAA3}.Debug|Any CPU.ActiveCfg = Debug|Any CPU
		{36798630-9C18-4858-A925-A421B669FAA3}.Debug|Any CPU.Build.0 = Debug|Any CPU
		{36798630-9C18-4858-A925-A421B669FAA3}.Release|Any CPU.ActiveCfg = Release|Any CPU
		{36798630-9C18-4858-A925-A421B669FAA3}.Release|Any CPU.Build.0 = Release|Any CPU
		{0A604E73-DFE7-413D-A4DA-B6560DD1D2FB}.Debug|Any CPU.ActiveCfg = Debug|Any CPU
		{0A604E73-DFE7-413D-A4DA-B6560DD1D2FB}.Debug|Any CPU.Build.0 = Debug|Any CPU
		{0A604E73-DFE7-413D-A4DA-B6560DD1D2FB}.Release|Any CPU.ActiveCfg = Release|Any CPU
		{0A604E73-DFE7-413D-A4DA-B6560DD1D2FB}.Release|Any CPU.Build.0 = Release|Any CPU
		{96049408-E466-4A35-A7EB-D8794FC7F195}.Debug|Any CPU.ActiveCfg = Debug|Any CPU
		{96049408-E466-4A35-A7EB-D8794FC7F195}.Debug|Any CPU.Build.0 = Debug|Any CPU
		{96049408-E466-4A35-A7EB-D8794FC7F195}.Release|Any CPU.ActiveCfg = Release|Any CPU
		{96049408-E466-4A35-A7EB-D8794FC7F195}.Release|Any CPU.Build.0 = Release|Any CPU
	EndGlobalSection
	GlobalSection(SolutionProperties) = preSolution
		HideSolutionNode = FALSE
	EndGlobalSection
	GlobalSection(NestedProjects) = preSolution
		{806345B1-AA4A-46A7-A1EC-5E24B6A0BDCE} = {367BB411-CE63-4D8B-8332-903A6EC0DC32}
		{D5FA9541-9D0B-4E81-ADD9-609266A288B8} = {E692B0A6-5627-4379-A416-C6FB9F3DD3DB}
		{36798630-9C18-4858-A925-A421B669FAA3} = {28905BC0-998D-435D-ADBB-F9C182C77DAC}
		{0A604E73-DFE7-413D-A4DA-B6560DD1D2FB} = {5A56294D-D507-4859-98EE-8A6214906B71}
		{96049408-E466-4A35-A7EB-D8794FC7F195} = {19F868F1-83F1-419B-94F7-88C79C054D82}
	EndGlobalSection
	GlobalSection(ExtensibilityGlobals) = postSolution
		SolutionGuid = {77769502-95F0-40BA-AB29-763C43EF7F8E}
	EndGlobalSection
EndGlobal
